
Microsoft Visual Studio Solution File, Format Version 12.00
# Visual Studio Version 16
VisualStudioVersion = 16.0.30204.135
MinimumVisualStudioVersion = 10.0.40219.1
Project("{FAE04EC0-301F-11D3-BF4B-00C04F79EFBC}") = "CIACS_win_client", "CIACS_win_client.csproj", "{6ADF0504-18E5-4C10-AD1D-3D6C764176A3}"
EndProject
Project("{FAE04EC0-301F-11D3-BF4B-00C04F79EFBC}") = "CIACSlib", "..\CIACS\CIACSlib.csproj", "{323AF961-F7F4-4755-B6E8-E49810C2D425}"
EndProject
Project("{54435603-DBB4-11D2-8724-00A0C9A8B90C}") = "CIACS", "..\CIACS\Installer\CIACS\CIACS.vdproj", "{2BA0DA7C-356A-4687-9D50-3EC28A3BB395}"
EndProject
Project("{FAE04EC0-301F-11D3-BF4B-00C04F79EFBC}") = "InstallLib", "..\CIACS\Installer\InstallLib\InstallLib.csproj", "{BBE732FE-FF6D-4B64-96FE-AC7B51BACE59}"
EndProject
Global
	GlobalSection(SolutionConfigurationPlatforms) = preSolution
		Debug|Any CPU = Debug|Any CPU
		Debug|x64 = Debug|x64
		Debug|x86 = Debug|x86
		Release|Any CPU = Release|Any CPU
		Release|x64 = Release|x64
		Release|x86 = Release|x86
	EndGlobalSection
	GlobalSection(ProjectConfigurationPlatforms) = postSolution
		{6ADF0504-18E5-4C10-AD1D-3D6C764176A3}.Debug|Any CPU.ActiveCfg = Debug|Any CPU
		{6ADF0504-18E5-4C10-AD1D-3D6C764176A3}.Debug|Any CPU.Build.0 = Debug|Any CPU
		{6ADF0504-18E5-4C10-AD1D-3D6C764176A3}.Debug|x64.ActiveCfg = Debug|x64
		{6ADF0504-18E5-4C10-AD1D-3D6C764176A3}.Debug|x64.Build.0 = Debug|x64
		{6ADF0504-18E5-4C10-AD1D-3D6C764176A3}.Debug|x86.ActiveCfg = Debug|x86
		{6ADF0504-18E5-4C10-AD1D-3D6C764176A3}.Debug|x86.Build.0 = Debug|x86
		{6ADF0504-18E5-4C10-AD1D-3D6C764176A3}.Release|Any CPU.ActiveCfg = Release|Any CPU
		{6ADF0504-18E5-4C10-AD1D-3D6C764176A3}.Release|Any CPU.Build.0 = Release|Any CPU
		{6ADF0504-18E5-4C10-AD1D-3D6C764176A3}.Release|x64.ActiveCfg = Release|x64
		{6ADF0504-18E5-4C10-AD1D-3D6C764176A3}.Release|x64.Build.0 = Release|x64
		{6ADF0504-18E5-4C10-AD1D-3D6C764176A3}.Release|x86.ActiveCfg = Release|x86
		{6ADF0504-18E5-4C10-AD1D-3D6C764176A3}.Release|x86.Build.0 = Release|x86
		{323AF961-F7F4-4755-B6E8-E49810C2D425}.Debug|Any CPU.ActiveCfg = Debug|Any CPU
		{323AF961-F7F4-4755-B6E8-E49810C2D425}.Debug|Any CPU.Build.0 = Debug|Any CPU
		{323AF961-F7F4-4755-B6E8-E49810C2D425}.Debug|x64.ActiveCfg = Debug|Any CPU
		{323AF961-F7F4-4755-B6E8-E49810C2D425}.Debug|x64.Build.0 = Debug|Any CPU
		{323AF961-F7F4-4755-B6E8-E49810C2D425}.Debug|x86.ActiveCfg = Debug|Any CPU
		{323AF961-F7F4-4755-B6E8-E49810C2D425}.Debug|x86.Build.0 = Debug|Any CPU
		{323AF961-F7F4-4755-B6E8-E49810C2D425}.Release|Any CPU.ActiveCfg = Release|Any CPU
		{323AF961-F7F4-4755-B6E8-E49810C2D425}.Release|Any CPU.Build.0 = Release|Any CPU
		{323AF961-F7F4-4755-B6E8-E49810C2D425}.Release|x64.ActiveCfg = Release|Any CPU
		{323AF961-F7F4-4755-B6E8-E49810C2D425}.Release|x64.Build.0 = Release|Any CPU
		{323AF961-F7F4-4755-B6E8-E49810C2D425}.Release|x86.ActiveCfg = Release|Any CPU
		{323AF961-F7F4-4755-B6E8-E49810C2D425}.Release|x86.Build.0 = Release|Any CPU
		{2BA0DA7C-356A-4687-9D50-3EC28A3BB395}.Debug|Any CPU.ActiveCfg = Debug
		{2BA0DA7C-356A-4687-9D50-3EC28A3BB395}.Debug|Any CPU.Build.0 = Debug
		{2BA0DA7C-356A-4687-9D50-3EC28A3BB395}.Debug|x64.ActiveCfg = Debug
		{2BA0DA7C-356A-4687-9D50-3EC28A3BB395}.Debug|x64.Build.0 = Debug
		{2BA0DA7C-356A-4687-9D50-3EC28A3BB395}.Debug|x86.ActiveCfg = Debug
		{2BA0DA7C-356A-4687-9D50-3EC28A3BB395}.Debug|x86.Build.0 = Debug
		{2BA0DA7C-356A-4687-9D50-3EC28A3BB395}.Release|Any CPU.ActiveCfg = Release
		{2BA0DA7C-356A-4687-9D50-3EC28A3BB395}.Release|Any CPU.Build.0 = Release
		{2BA0DA7C-356A-4687-9D50-3EC28A3BB395}.Release|x64.ActiveCfg = Release
		{2BA0DA7C-356A-4687-9D50-3EC28A3BB395}.Release|x64.Build.0 = Release
		{2BA0DA7C-356A-4687-9D50-3EC28A3BB395}.Release|x86.ActiveCfg = Release
		{2BA0DA7C-356A-4687-9D50-3EC28A3BB395}.Release|x86.Build.0 = Release
		{BBE732FE-FF6D-4B64-96FE-AC7B51BACE59}.Debug|Any CPU.ActiveCfg = Debug|Any CPU
		{BBE732FE-FF6D-4B64-96FE-AC7B51BACE59}.Debug|Any CPU.Build.0 = Debug|Any CPU
		{BBE732FE-FF6D-4B64-96FE-AC7B51BACE59}.Debug|x64.ActiveCfg = Debug|x64
		{BBE732FE-FF6D-4B64-96FE-AC7B51BACE59}.Debug|x64.Build.0 = Debug|x64
		{BBE732FE-FF6D-4B64-96FE-AC7B51BACE59}.Debug|x86.ActiveCfg = Debug|Any CPU
		{BBE732FE-FF6D-4B64-96FE-AC7B51BACE59}.Debug|x86.Build.0 = Debug|Any CPU
		{BBE732FE-FF6D-4B64-96FE-AC7B51BACE59}.Release|Any CPU.ActiveCfg = Release|Any CPU
		{BBE732FE-FF6D-4B64-96FE-AC7B51BACE59}.Release|Any CPU.Build.0 = Release|Any CPU
		{BBE732FE-FF6D-4B64-96FE-AC7B51BACE59}.Release|x64.ActiveCfg = Release|x64
		{BBE732FE-FF6D-4B64-96FE-AC7B51BACE59}.Release|x64.Build.0 = Release|x64
		{BBE732FE-FF6D-4B64-96FE-AC7B51BACE59}.Release|x86.ActiveCfg = Release|Any CPU
		{BBE732FE-FF6D-4B64-96FE-AC7B51BACE59}.Release|x86.Build.0 = Release|Any CPU
	EndGlobalSection
	GlobalSection(SolutionProperties) = preSolution
		HideSolutionNode = FALSE
	EndGlobalSection
	GlobalSection(ExtensibilityGlobals) = postSolution
		SolutionGuid = {9EDA39F5-99DA-4F2B-8D1F-916B3A0AECF6}
	EndGlobalSection
EndGlobal
